
Microsoft Visual Studio Solution File, Format Version 12.00
# Visual Studio Version 17
VisualStudioVersion = 17.13.35931.197
MinimumVisualStudioVersion = 10.0.40219.1
Project("{FAE04EC0-301F-11D3-BF4B-00C04F79EFBC}") = "CreditSystem.API", "CreditSystem.API\CreditSystem.API.csproj", "{A0B9850D-9807-0129-4352-D3D076C6A909}"
EndProject
Project("{FAE04EC0-301F-11D3-BF4B-00C04F79EFBC}") = "CreditSystem.Application", "CreditSystem.Application\CreditSystem.Application.csproj", "{08A9D420-6E5D-EEC8-75DF-5041CB8283D0}"
EndProject
Project("{FAE04EC0-301F-11D3-BF4B-00C04F79EFBC}") = "CreditSystem.Contracts", "CreditSystem.Contracts\CreditSystem.Contracts.csproj", "{FE448D0A-1F41-AAD9-EB6E-17ACC6BB68A3}"
EndProject
Project("{FAE04EC0-301F-11D3-BF4B-00C04F79EFBC}") = "CreditSystem.Domain", "CreditSystem.Domain\CreditSystem.Domain.csproj", "{59E02DF3-AF1F-70E1-679D-D9E32D3C9E95}"
EndProject
Project("{FAE04EC0-301F-11D3-BF4B-00C04F79EFBC}") = "CreditSystem.Infrastructure", "CreditSystem.Infrastructure\CreditSystem.Infrastructure.csproj", "{000CE0B7-2C69-3F56-644F-6ED522041EFA}"
EndProject
Project("{FAE04EC0-301F-11D3-BF4B-00C04F79EFBC}") = "CreditSystem.Tests", "CreditSystem.Tests\CreditSystem.Tests.csproj", "{3ED4C11F-1ABD-4384-AC5F-9DB315A3E44A}"
EndProject
Global
	GlobalSection(SolutionConfigurationPlatforms) = preSolution
		Debug|Any CPU = Debug|Any CPU
		Release|Any CPU = Release|Any CPU
	EndGlobalSection
	GlobalSection(ProjectConfigurationPlatforms) = postSolution
		{A0B9850D-9807-0129-4352-D3D076C6A909}.Debug|Any CPU.ActiveCfg = Debug|Any CPU
		{A0B9850D-9807-0129-4352-D3D076C6A909}.Debug|Any CPU.Build.0 = Debug|Any CPU
		{A0B9850D-9807-0129-4352-D3D076C6A909}.Release|Any CPU.ActiveCfg = Release|Any CPU
		{A0B9850D-9807-0129-4352-D3D076C6A909}.Release|Any CPU.Build.0 = Release|Any CPU
		{08A9D420-6E5D-EEC8-75DF-5041CB8283D0}.Debug|Any CPU.ActiveCfg = Debug|Any CPU
		{08A9D420-6E5D-EEC8-75DF-5041CB8283D0}.Debug|Any CPU.Build.0 = Debug|Any CPU
		{08A9D420-6E5D-EEC8-75DF-5041CB8283D0}.Release|Any CPU.ActiveCfg = Release|Any CPU
		{08A9D420-6E5D-EEC8-75DF-5041CB8283D0}.Release|Any CPU.Build.0 = Release|Any CPU
		{FE448D0A-1F41-AAD9-EB6E-17ACC6BB68A3}.Debug|Any CPU.ActiveCfg = Debug|Any CPU
		{FE448D0A-1F41-AAD9-EB6E-17ACC6BB68A3}.Debug|Any CPU.Build.0 = Debug|Any CPU
		{FE448D0A-1F41-AAD9-EB6E-17ACC6BB68A3}.Release|Any CPU.ActiveCfg = Release|Any CPU
		{FE448D0A-1F41-AAD9-EB6E-17ACC6BB68A3}.Release|Any CPU.Build.0 = Release|Any CPU
		{59E02DF3-AF1F-70E1-679D-D9E32D3C9E95}.Debug|Any CPU.ActiveCfg = Debug|Any CPU
		{59E02DF3-AF1F-70E1-679D-D9E32D3C9E95}.Debug|Any CPU.Build.0 = Debug|Any CPU
		{59E02DF3-AF1F-70E1-679D-D9E32D3C9E95}.Release|Any CPU.ActiveCfg = Release|Any CPU
		{59E02DF3-AF1F-70E1-679D-D9E32D3C9E95}.Release|Any CPU.Build.0 = Release|Any CPU
		{000CE0B7-2C69-3F56-644F-6ED522041EFA}.Debug|Any CPU.ActiveCfg = Debug|Any CPU
		{000CE0B7-2C69-3F56-644F-6ED522041EFA}.Debug|Any CPU.Build.0 = Debug|Any CPU
		{000CE0B7-2C69-3F56-644F-6ED522041EFA}.Release|Any CPU.ActiveCfg = Release|Any CPU
		{000CE0B7-2C69-3F56-644F-6ED522041EFA}.Release|Any CPU.Build.0 = Release|Any CPU
		{3ED4C11F-1ABD-4384-AC5F-9DB315A3E44A}.Debug|Any CPU.ActiveCfg = Debug|Any CPU
		{3ED4C11F-1ABD-4384-AC5F-9DB315A3E44A}.Debug|Any CPU.Build.0 = Debug|Any CPU
		{3ED4C11F-1ABD-4384-AC5F-9DB315A3E44A}.Release|Any CPU.ActiveCfg = Release|Any CPU
		{3ED4C11F-1ABD-4384-AC5F-9DB315A3E44A}.Release|Any CPU.Build.0 = Release|Any CPU
	EndGlobalSection
	GlobalSection(SolutionProperties) = preSolution
		HideSolutionNode = FALSE
	EndGlobalSection
	GlobalSection(ExtensibilityGlobals) = postSolution
		SolutionGuid = {22299038-710F-4CEF-A6B8-6BA262C5F909}
	EndGlobalSection
EndGlobal
